// !$*UTF8*$!
{
	archiveVersion = 1;
	classes = {
	};
	objectVersion = 77;
	objects = {

/* Begin PBXContainerItemProxy section */
		4E4B20A12E09A2230022F1A5 /* PBXContainerItemProxy */ = {
			isa = PBXContainerItemProxy;
			containerPortal = 4E4B20882E09A2220022F1A5 /* Project object */;
			proxyType = 1;
			remoteGlobalIDString = 4E4B208F2E09A2220022F1A5;
			remoteInfo = makonome;
		};
		4E4B20AB2E09A2230022F1A5 /* PBXContainerItemProxy */ = {
			isa = PBXContainerItemProxy;
			containerPortal = 4E4B20882E09A2220022F1A5 /* Project object */;
			proxyType = 1;
			remoteGlobalIDString = 4E4B208F2E09A2220022F1A5;
			remoteInfo = makonome;
		};
/* End PBXContainerItemProxy section */

/* Begin PBXFileReference section */
		4E4B20902E09A2220022F1A5 /* makonome.app */ = {isa = PBXFileReference; explicitFileType = wrapper.application; includeInIndex = 0; path = makonome.app; sourceTree = BUILT_PRODUCTS_DIR; };
		4E4B20A02E09A2230022F1A5 /* makonomeTests.xctest */ = {isa = PBXFileReference; explicitFileType = wrapper.cfbundle; includeInIndex = 0; path = makonomeTests.xctest; sourceTree = BUILT_PRODUCTS_DIR; };
		4E4B20AA2E09A2230022F1A5 /* makonomeUITests.xctest */ = {isa = PBXFileReference; explicitFileType = wrapper.cfbundle; includeInIndex = 0; path = makonomeUITests.xctest; sourceTree = BUILT_PRODUCTS_DIR; };
/* End PBXFileReference section */

/* Begin PBXFileSystemSynchronizedRootGroup section */
		4E4B20922E09A2220022F1A5 /* makonome */ = {
			isa = PBXFileSystemSynchronizedRootGroup;
			path = makonome;
			sourceTree = "<group>";
		};
		4E4B20A32E09A2230022F1A5 /* makonomeTests */ = {
			isa = PBXFileSystemSynchronizedRootGroup;
			path = makonomeTests;
			sourceTree = "<group>";
		};
		4E4B20AD2E09A2230022F1A5 /* makonomeUITests */ = {
			isa = PBXFileSystemSynchronizedRootGroup;
			path = makonomeUITests;
			sourceTree = "<group>";
		};
/* End PBXFileSystemSynchronizedRootGroup section */

/* Begin PBXFrameworksBuildPhase section */
		4E4B208D2E09A2220022F1A5 /* Frameworks */ = {
			isa = PBXFrameworksBuildPhase;
			buildActionMask = 2147483647;
			files = (
			);
			runOnlyForDeploymentPostprocessing = 0;
		};
		4E4B209D2E09A2230022F1A5 /* Frameworks */ = {
			isa = PBXFrameworksBuildPhase;
			buildActionMask = 2147483647;
			files = (
			);
			runOnlyForDeploymentPostprocessing = 0;
		};
		4E4B20A72E09A2230022F1A5 /* Frameworks */ = {
			isa = PBXFrameworksBuildPhase;
			buildActionMask = 2147483647;
			files = (
			);
			runOnlyForDeploymentPostprocessing = 0;
		};
/* End PBXFrameworksBuildPhase section */

/* Begin PBXShellScriptBuildPhase section */
		4E4B20BD2E09A2240022F1A5 /* Auto Increment Build Number */ = {
			isa = PBXShellScriptBuildPhase;
			alwaysOutOfDate = 1;
			buildActionMask = 2147483647;
			files = (
			);
			inputFileListPaths = (
			);
			inputPaths = (
			);
			name = "Auto Increment Build Number";
			outputFileListPaths = (
			);
			outputPaths = (
			);
			runOnlyForDeploymentPostprocessing = 0;
			shellPath = /bin/sh;
			shellScript = "buildNumber=$(/usr/libexec/PlistBuddy -c \"Print CFBundleVersion\" \"$INFOPLIST_FILE\")\nbuildNumber=$(($buildNumber + 1))\n/usr/libexec/PlistBuddy -c \"Set :CFBundleVersion $buildNumber\" \"$INFOPLIST_FILE\"\necho \"Build number incremented to: $buildNumber\"";
		};
/* End PBXShellScriptBuildPhase section */

/* Begin PBXGroup section */
		4E4B20872E09A2220022F1A5 = {
			isa = PBXGroup;
			children = (
				4E4B20922E09A2220022F1A5 /* makonome */,
				4E4B20A32E09A2230022F1A5 /* makonomeTests */,
				4E4B20AD2E09A2230022F1A5 /* makonomeUITests */,
				4E4B20912E09A2220022F1A5 /* Products */,
			);
			sourceTree = "<group>";
		};
		4E4B20912E09A2220022F1A5 /* Products */ = {
			isa = PBXGroup;
			children = (
				4E4B20902E09A2220022F1A5 /* makonome.app */,
				4E4B20A02E09A2230022F1A5 /* makonomeTests.xctest */,
				4E4B20AA2E09A2230022F1A5 /* makonomeUITests.xctest */,
			);
			name = Products;
			sourceTree = "<group>";
		};
/* End PBXGroup section */

/* Begin PBXNativeTarget section */
		4E4B208F2E09A2220022F1A5 /* makonome */ = {
			isa = PBXNativeTarget;
			buildConfigurationList = 4E4B20B42E09A2230022F1A5 /* Build configuration list for PBXNativeTarget "makonome" */;
			buildPhases = (
				4E4B20BD2E09A2240022F1A5 /* Auto Increment Build Number */,
				4E4B208C2E09A2220022F1A5 /* Sources */,
				4E4B208D2E09A2220022F1A5 /* Frameworks */,
				4E4B208E2E09A2220022F1A5 /* Resources */,
			);
			buildRules = (
			);
			dependencies = (
			);
			fileSystemSynchronizedGroups = (
				4E4B20922E09A2220022F1A5 /* makonome */,
			);
			name = makonome;
			packageProductDependencies = (
			);
			productName = makonome;
			productReference = 4E4B20902E09A2220022F1A5 /* makonome.app */;
			productType = "com.apple.product-type.application";
		};
		4E4B209F2E09A2230022F1A5 /* makonomeTests */ = {
			isa = PBXNativeTarget;
			buildConfigurationList = 4E4B20B72E09A2230022F1A5 /* Build configuration list for PBXNativeTarget "makonomeTests" */;
			buildPhases = (
				4E4B209C2E09A2230022F1A5 /* Sources */,
				4E4B209D2E09A2230022F1A5 /* Frameworks */,
				4E4B209E2E09A2230022F1A5 /* Resources */,
			);
			buildRules = (
			);
			dependencies = (
				4E4B20A22E09A2230022F1A5 /* PBXTargetDependency */,
			);
			fileSystemSynchronizedGroups = (
				4E4B20A32E09A2230022F1A5 /* makonomeTests */,
			);
			name = makonomeTests;
			packageProductDependencies = (
			);
			productName = makonomeTests;
			productReference = 4E4B20A02E09A2230022F1A5 /* makonomeTests.xctest */;
			productType = "com.apple.product-type.bundle.unit-test";
		};
		4E4B20A92E09A2230022F1A5 /* makonomeUITests */ = {
			isa = PBXNativeTarget;
			buildConfigurationList = 4E4B20BA2E09A2230022F1A5 /* Build configuration list for PBXNativeTarget "makonomeUITests" */;
			buildPhases = (
				4E4B20A62E09A2230022F1A5 /* Sources */,
				4E4B20A72E09A2230022F1A5 /* Frameworks */,
				4E4B20A82E09A2230022F1A5 /* Resources */,
			);
			buildRules = (
			);
			dependencies = (
				4E4B20AC2E09A2230022F1A5 /* PBXTargetDependency */,
			);
			fileSystemSynchronizedGroups = (
				4E4B20AD2E09A2230022F1A5 /* makonomeUITests */,
			);
			name = makonomeUITests;
			packageProductDependencies = (
			);
			productName = makonomeUITests;
			productReference = 4E4B20AA2E09A2230022F1A5 /* makonomeUITests.xctest */;
			productType = "com.apple.product-type.bundle.ui-testing";
		};
/* End PBXNativeTarget section */

/* Begin PBXProject section */
		4E4B20882E09A2220022F1A5 /* Project object */ = {
			isa = PBXProject;
			attributes = {
				BuildIndependentTargetsInParallel = 1;
				LastSwiftUpdateCheck = 1610;
				LastUpgradeCheck = 1610;
				TargetAttributes = {
					4E4B208F2E09A2220022F1A5 = {
						CreatedOnToolsVersion = 16.1;
					};
					4E4B209F2E09A2230022F1A5 = {
						CreatedOnToolsVersion = 16.1;
						TestTargetID = 4E4B208F2E09A2220022F1A5;
					};
					4E4B20A92E09A2230022F1A5 = {
						CreatedOnToolsVersion = 16.1;
						TestTargetID = 4E4B208F2E09A2220022F1A5;
					};
				};
			};
			buildConfigurationList = 4E4B208B2E09A2220022F1A5 /* Build configuration list for PBXProject "makonome" */;
			developmentRegion = en;
			hasScannedForEncodings = 0;
			knownRegions = (
				en,
				Base,
			);
			mainGroup = 4E4B20872E09A2220022F1A5;
			minimizedProjectReferenceProxies = 1;
			preferredProjectObjectVersion = 77;
			productRefGroup = 4E4B20912E09A2220022F1A5 /* Products */;
			projectDirPath = "";
			projectRoot = "";
			targets = (
				4E4B208F2E09A2220022F1A5 /* makonome */,
				4E4B209F2E09A2230022F1A5 /* makonomeTests */,
				4E4B20A92E09A2230022F1A5 /* makonomeUITests */,
			);
		};
/* End PBXProject section */

/* Begin PBXResourcesBuildPhase section */
		4E4B208E2E09A2220022F1A5 /* Resources */ = {
			isa = PBXResourcesBuildPhase;
			buildActionMask = 2147483647;
			files = (
			);
			runOnlyForDeploymentPostprocessing = 0;
		};
		4E4B209E2E09A2230022F1A5 /* Resources */ = {
			isa = PBXResourcesBuildPhase;
			buildActionMask = 2147483647;
			files = (
			);
			runOnlyForDeploymentPostprocessing = 0;
		};
		4E4B20A82E09A2230022F1A5 /* Resources */ = {
			isa = PBXResourcesBuildPhase;
			buildActionMask = 2147483647;
			files = (
			);
			runOnlyForDeploymentPostprocessing = 0;
		};
/* End PBXResourcesBuildPhase section */

/* Begin PBXSourcesBuildPhase section */
		4E4B208C2E09A2220022F1A5 /* Sources */ = {
			isa = PBXSourcesBuildPhase;
			buildActionMask = 2147483647;
			files = (
			);
			runOnlyForDeploymentPostprocessing = 0;
		};
		4E4B209C2E09A2230022F1A5 /* Sources */ = {
			isa = PBXSourcesBuildPhase;
			buildActionMask = 2147483647;
			files = (
			);
			runOnlyForDeploymentPostprocessing = 0;
		};
		4E4B20A62E09A2230022F1A5 /* Sources */ = {
			isa = PBXSourcesBuildPhase;
			buildActionMask = 2147483647;
			files = (
			);
			runOnlyForDeploymentPostprocessing = 0;
		};
/* End PBXSourcesBuildPhase section */

/* Begin PBXTargetDependency section */
		4E4B20A22E09A2230022F1A5 /* PBXTargetDependency */ = {
			isa = PBXTargetDependency;
			target = 4E4B208F2E09A2220022F1A5 /* makonome */;
			targetProxy = 4E4B20A12E09A2230022F1A5 /* PBXContainerItemProxy */;
		};
		4E4B20AC2E09A2230022F1A5 /* PBXTargetDependency */ = {
			isa = PBXTargetDependency;
			target = 4E4B208F2E09A2220022F1A5 /* makonome */;
			targetProxy = 4E4B20AB2E09A2230022F1A5 /* PBXContainerItemProxy */;
		};
/* End PBXTargetDependency section */

/* Begin XCBuildConfiguration section */
		4E4B20B22E09A2230022F1A5 /* Debug */ = {
			isa = XCBuildConfiguration;
			buildSettings = {
				ALWAYS_SEARCH_USER_PATHS = NO;
				ASSETCATALOG_COMPILER_GENERATE_SWIFT_ASSET_SYMBOL_EXTENSIONS = YES;
				CLANG_ANALYZER_NONNULL = YES;
				CLANG_ANALYZER_NUMBER_OBJECT_CONVERSION = YES_AGGRESSIVE;
				CLANG_CXX_LANGUAGE_STANDARD = "gnu++20";
				CLANG_ENABLE_MODULES = YES;
				CLANG_ENABLE_OBJC_ARC = YES;
				CLANG_ENABLE_OBJC_WEAK = YES;
				CLANG_WARN_BLOCK_CAPTURE_AUTORELEASING = YES;
				CLANG_WARN_BOOL_CONVERSION = YES;
				CLANG_WARN_COMMA = YES;
				CLANG_WARN_CONSTANT_CONVERSION = YES;
				CLANG_WARN_DEPRECATED_OBJC_IMPLEMENTATIONS = YES;
				CLANG_WARN_DIRECT_OBJC_ISA_USAGE = YES_ERROR;
				CLANG_WARN_DOCUMENTATION_COMMENTS = YES;
				CLANG_WARN_EMPTY_BODY = YES;
				CLANG_WARN_ENUM_CONVERSION = YES;
				CLANG_WARN_INFINITE_RECURSION = YES;
				CLANG_WARN_INT_CONVERSION = YES;
				CLANG_WARN_NON_LITERAL_NULL_CONVERSION = YES;
				CLANG_WARN_OBJC_IMPLICIT_RETAIN_SELF = YES;
				CLANG_WARN_OBJC_LITERAL_CONVERSION = YES;
				CLANG_WARN_OBJC_ROOT_CLASS = YES_ERROR;
				CLANG_WARN_QUOTED_INCLUDE_IN_FRAMEWORK_HEADER = YES;
				CLANG_WARN_RANGE_LOOP_ANALYSIS = YES;
				CLANG_WARN_STRICT_PROTOTYPES = YES;
				CLANG_WARN_SUSPICIOUS_MOVE = YES;
				CLANG_WARN_UNGUARDED_AVAILABILITY = YES_AGGRESSIVE;
				CLANG_WARN_UNREACHABLE_CODE = YES;
				CLANG_WARN__DUPLICATE_METHOD_MATCH = YES;
				COPY_PHASE_STRIP = NO;
				DEBUG_INFORMATION_FORMAT = dwarf;
				ENABLE_STRICT_OBJC_MSGSEND = YES;
				ENABLE_TESTABILITY = YES;
				ENABLE_USER_SCRIPT_SANDBOXING = YES;
				GCC_C_LANGUAGE_STANDARD = gnu17;
				GCC_DYNAMIC_NO_PIC = NO;
				GCC_NO_COMMON_BLOCKS = YES;
				GCC_OPTIMIZATION_LEVEL = 0;
				GCC_PREPROCESSOR_DEFINITIONS = (
					"DEBUG=1",
					"$(inherited)",
				);
				GCC_WARN_64_TO_32_BIT_CONVERSION = YES;
				GCC_WARN_ABOUT_RETURN_TYPE = YES_ERROR;
				GCC_WARN_UNDECLARED_SELECTOR = YES;
				GCC_WARN_UNINITIALIZED_AUTOS = YES_AGGRESSIVE;
				GCC_WARN_UNUSED_FUNCTION = YES;
				GCC_WARN_UNUSED_VARIABLE = YES;
				IPHONEOS_DEPLOYMENT_TARGET = 18.1;
				LOCALIZATION_PREFERS_STRING_CATALOGS = YES;
				MTL_ENABLE_DEBUG_INFO = INCLUDE_SOURCE;
				MTL_FAST_MATH = YES;
				ONLY_ACTIVE_ARCH = YES;
				SDKROOT = iphoneos;
				SWIFT_ACTIVE_COMPILATION_CONDITIONS = "DEBUG $(inherited)";
				SWIFT_OPTIMIZATION_LEVEL = "-Onone";
			};
			name = Debug;
		};
		4E4B20B32E09A2230022F1A5 /* Release */ = {
			isa = XCBuildConfiguration;
			buildSettings = {
				ALWAYS_SEARCH_USER_PATHS = NO;
				ASSETCATALOG_COMPILER_GENERATE_SWIFT_ASSET_SYMBOL_EXTENSIONS = YES;
				CLANG_ANALYZER_NONNULL = YES;
				CLANG_ANALYZER_NUMBER_OBJECT_CONVERSION = YES_AGGRESSIVE;
				CLANG_CXX_LANGUAGE_STANDARD = "gnu++20";
				CLANG_ENABLE_MODULES = YES;
				CLANG_ENABLE_OBJC_ARC = YES;
				CLANG_ENABLE_OBJC_WEAK = YES;
				CLANG_WARN_BLOCK_CAPTURE_AUTORELEASING = YES;
				CLANG_WARN_BOOL_CONVERSION = YES;
				CLANG_WARN_COMMA = YES;
				CLANG_WARN_CONSTANT_CONVERSION = YES;
				CLANG_WARN_DEPRECATED_OBJC_IMPLEMENTATIONS = YES;
				CLANG_WARN_DIRECT_OBJC_ISA_USAGE = YES_ERROR;
				CLANG_WARN_DOCUMENTATION_COMMENTS = YES;
				CLANG_WARN_EMPTY_BODY = YES;
				CLANG_WARN_ENUM_CONVERSION = YES;
				CLANG_WARN_INFINITE_RECURSION = YES;
				CLANG_WARN_INT_CONVERSION = YES;
				CLANG_WARN_NON_LITERAL_NULL_CONVERSION = YES;
				CLANG_WARN_OBJC_IMPLICIT_RETAIN_SELF = YES;
				CLANG_WARN_OBJC_LITERAL_CONVERSION = YES;
				CLANG_WARN_OBJC_ROOT_CLASS = YES_ERROR;
				CLANG_WARN_QUOTED_INCLUDE_IN_FRAMEWORK_HEADER = YES;
				CLANG_WARN_RANGE_LOOP_ANALYSIS = YES;
				CLANG_WARN_STRICT_PROTOTYPES = YES;
				CLANG_WARN_SUSPICIOUS_MOVE = YES;
				CLANG_WARN_UNGUARDED_AVAILABILITY = YES_AGGRESSIVE;
				CLANG_WARN_UNREACHABLE_CODE = YES;
				CLANG_WARN__DUPLICATE_METHOD_MATCH = YES;
				COPY_PHASE_STRIP = NO;
				DEBUG_INFORMATION_FORMAT = "dwarf-with-dsym";
				ENABLE_NS_ASSERTIONS = NO;
				ENABLE_STRICT_OBJC_MSGSEND = YES;
				ENABLE_USER_SCRIPT_SANDBOXING = YES;
				GCC_C_LANGUAGE_STANDARD = gnu17;
				GCC_NO_COMMON_BLOCKS = YES;
				GCC_WARN_64_TO_32_BIT_CONVERSION = YES;
				GCC_WARN_ABOUT_RETURN_TYPE = YES_ERROR;
				GCC_WARN_UNDECLARED_SELECTOR = YES;
				GCC_WARN_UNINITIALIZED_AUTOS = YES_AGGRESSIVE;
				GCC_WARN_UNUSED_FUNCTION = YES;
				GCC_WARN_UNUSED_VARIABLE = YES;
				IPHONEOS_DEPLOYMENT_TARGET = 18.1;
				LOCALIZATION_PREFERS_STRING_CATALOGS = YES;
				MTL_ENABLE_DEBUG_INFO = NO;
				MTL_FAST_MATH = YES;
				SDKROOT = iphoneos;
				SWIFT_COMPILATION_MODE = wholemodule;
				VALIDATE_PRODUCT = YES;
			};
			name = Release;
		};
		4E4B20B52E09A2230022F1A5 /* Debug */ = {
			isa = XCBuildConfiguration;
			buildSettings = {
				ASSETCATALOG_COMPILER_APPICON_NAME = AppIcon;
				ASSETCATALOG_COMPILER_GLOBAL_ACCENT_COLOR_NAME = AccentColor;
				CODE_SIGN_STYLE = Automatic;
				CURRENT_PROJECT_VERSION = 1;
				DEVELOPMENT_ASSET_PATHS = "\"makonome/Preview Content\"";
				DEVELOPMENT_TEAM = QDRTVHPM2W;
				ENABLE_PREVIEWS = YES;
				GENERATE_INFOPLIST_FILE = YES;
				INFOPLIST_KEY_UIApplicationSceneManifest_Generation = YES;
				INFOPLIST_KEY_UIApplicationSupportsIndirectInputEvents = YES;
				INFOPLIST_KEY_UILaunchScreen_Generation = YES;
				INFOPLIST_KEY_UISupportedInterfaceOrientations_iPad = "UIInterfaceOrientationPortrait UIInterfaceOrientationPortraitUpsideDown UIInterfaceOrientationLandscapeLeft UIInterfaceOrientationLandscapeRight";
				INFOPLIST_KEY_UISupportedInterfaceOrientations_iPhone = "UIInterfaceOrientationPortrait UIInterfaceOrientationLandscapeLeft UIInterfaceOrientationLandscapeRight";
				LD_RUNPATH_SEARCH_PATHS = (
					"$(inherited)",
					"@executable_path/Frameworks",
				);
				MARKETING_VERSION = 1.0;
				PRODUCT_BUNDLE_IDENTIFIER = com.mirocosic.makonome;
				PRODUCT_NAME = "$(TARGET_NAME)";
				SWIFT_EMIT_LOC_STRINGS = YES;
				SWIFT_VERSION = 5.0;
				TARGETED_DEVICE_FAMILY = "1,2";
			};
			name = Debug;
		};
		4E4B20B62E09A2230022F1A5 /* Release */ = {
			isa = XCBuildConfiguration;
			buildSettings = {
				ASSETCATALOG_COMPILER_APPICON_NAME = AppIcon;
				ASSETCATALOG_COMPILER_GLOBAL_ACCENT_COLOR_NAME = AccentColor;
				CODE_SIGN_STYLE = Automatic;
				CURRENT_PROJECT_VERSION = 1;
				DEVELOPMENT_ASSET_PATHS = "\"makonome/Preview Content\"";
				DEVELOPMENT_TEAM = QDRTVHPM2W;
				ENABLE_PREVIEWS = YES;
				GENERATE_INFOPLIST_FILE = YES;
				INFOPLIST_KEY_UIApplicationSceneManifest_Generation = YES;
				INFOPLIST_KEY_UIApplicationSupportsIndirectInputEvents = YES;
				INFOPLIST_KEY_UILaunchScreen_Generation = YES;
				INFOPLIST_KEY_UISupportedInterfaceOrientations_iPad = "UIInterfaceOrientationPortrait UIInterfaceOrientationPortraitUpsideDown UIInterfaceOrientationLandscapeLeft UIInterfaceOrientationLandscapeRight";
				INFOPLIST_KEY_UISupportedInterfaceOrientations_iPhone = "UIInterfaceOrientationPortrait UIInterfaceOrientationLandscapeLeft UIInterfaceOrientationLandscapeRight";
				LD_RUNPATH_SEARCH_PATHS = (
					"$(inherited)",
					"@executable_path/Frameworks",
				);
				MARKETING_VERSION = 1.0;
				PRODUCT_BUNDLE_IDENTIFIER = com.mirocosic.makonome;
				PRODUCT_NAME = "$(TARGET_NAME)";
				SWIFT_EMIT_LOC_STRINGS = YES;
				SWIFT_VERSION = 5.0;
				TARGETED_DEVICE_FAMILY = "1,2";
			};
			name = Release;
		};
		4E4B20B82E09A2230022F1A5 /* Debug */ = {
			isa = XCBuildConfiguration;
			buildSettings = {
				BUNDLE_LOADER = "$(TEST_HOST)";
				CODE_SIGN_STYLE = Automatic;
				CURRENT_PROJECT_VERSION = 1;
				DEVELOPMENT_TEAM = QDRTVHPM2W;
				GENERATE_INFOPLIST_FILE = YES;
				IPHONEOS_DEPLOYMENT_TARGET = 18.1;
				MARKETING_VERSION = 1.0;
				PRODUCT_BUNDLE_IDENTIFIER = com.mirocosic.makonomeTests;
				PRODUCT_NAME = "$(TARGET_NAME)";
				SWIFT_EMIT_LOC_STRINGS = NO;
				SWIFT_VERSION = 5.0;
				TARGETED_DEVICE_FAMILY = "1,2";
				TEST_HOST = "$(BUILT_PRODUCTS_DIR)/makonome.app/$(BUNDLE_EXECUTABLE_FOLDER_PATH)/makonome";
			};
			name = Debug;
		};
		4E4B20B92E09A2230022F1A5 /* Release */ = {
			isa = XCBuildConfiguration;
			buildSettings = {
				BUNDLE_LOADER = "$(TEST_HOST)";
				CODE_SIGN_STYLE = Automatic;
				CURRENT_PROJECT_VERSION = 1;
				DEVELOPMENT_TEAM = QDRTVHPM2W;
				GENERATE_INFOPLIST_FILE = YES;
				IPHONEOS_DEPLOYMENT_TARGET = 18.1;
				MARKETING_VERSION = 1.0;
				PRODUCT_BUNDLE_IDENTIFIER = com.mirocosic.makonomeTests;
				PRODUCT_NAME = "$(TARGET_NAME)";
				SWIFT_EMIT_LOC_STRINGS = NO;
				SWIFT_VERSION = 5.0;
				TARGETED_DEVICE_FAMILY = "1,2";
				TEST_HOST = "$(BUILT_PRODUCTS_DIR)/makonome.app/$(BUNDLE_EXECUTABLE_FOLDER_PATH)/makonome";
			};
			name = Release;
		};
		4E4B20BB2E09A2230022F1A5 /* Debug */ = {
			isa = XCBuildConfiguration;
			buildSettings = {
				CODE_SIGN_STYLE = Automatic;
				CURRENT_PROJECT_VERSION = 1;
				DEVELOPMENT_TEAM = QDRTVHPM2W;
				GENERATE_INFOPLIST_FILE = YES;
				MARKETING_VERSION = 1.0;
				PRODUCT_BUNDLE_IDENTIFIER = com.mirocosic.makonomeUITests;
				PRODUCT_NAME = "$(TARGET_NAME)";
				SWIFT_EMIT_LOC_STRINGS = NO;
				SWIFT_VERSION = 5.0;
				TARGETED_DEVICE_FAMILY = "1,2";
				TEST_TARGET_NAME = makonome;
			};
			name = Debug;
		};
		4E4B20BC2E09A2230022F1A5 /* Release */ = {
			isa = XCBuildConfiguration;
			buildSettings = {
				CODE_SIGN_STYLE = Automatic;
				CURRENT_PROJECT_VERSION = 1;
				DEVELOPMENT_TEAM = QDRTVHPM2W;
				GENERATE_INFOPLIST_FILE = YES;
				MARKETING_VERSION = 1.0;
				PRODUCT_BUNDLE_IDENTIFIER = com.mirocosic.makonomeUITests;
				PRODUCT_NAME = "$(TARGET_NAME)";
				SWIFT_EMIT_LOC_STRINGS = NO;
				SWIFT_VERSION = 5.0;
				TARGETED_DEVICE_FAMILY = "1,2";
				TEST_TARGET_NAME = makonome;
			};
			name = Release;
		};
/* End XCBuildConfiguration section */

/* Begin XCConfigurationList section */
		4E4B208B2E09A2220022F1A5 /* Build configuration list for PBXProject "makonome" */ = {
			isa = XCConfigurationList;
			buildConfigurations = (
				4E4B20B22E09A2230022F1A5 /* Debug */,
				4E4B20B32E09A2230022F1A5 /* Release */,
			);
			defaultConfigurationIsVisible = 0;
			defaultConfigurationName = Release;
		};
		4E4B20B42E09A2230022F1A5 /* Build configuration list for PBXNativeTarget "makonome" */ = {
			isa = XCConfigurationList;
			buildConfigurations = (
				4E4B20B52E09A2230022F1A5 /* Debug */,
				4E4B20B62E09A2230022F1A5 /* Release */,
			);
			defaultConfigurationIsVisible = 0;
			defaultConfigurationName = Release;
		};
		4E4B20B72E09A2230022F1A5 /* Build configuration list for PBXNativeTarget "makonomeTests" */ = {
			isa = XCConfigurationList;
			buildConfigurations = (
				4E4B20B82E09A2230022F1A5 /* Debug */,
				4E4B20B92E09A2230022F1A5 /* Release */,
			);
			defaultConfigurationIsVisible = 0;
			defaultConfigurationName = Release;
		};
		4E4B20BA2E09A2230022F1A5 /* Build configuration list for PBXNativeTarget "makonomeUITests" */ = {
			isa = XCConfigurationList;
			buildConfigurations = (
				4E4B20BB2E09A2230022F1A5 /* Debug */,
				4E4B20BC2E09A2230022F1A5 /* Release */,
			);
			defaultConfigurationIsVisible = 0;
			defaultConfigurationName = Release;
		};
/* End XCConfigurationList section */
	};
	rootObject = 4E4B20882E09A2220022F1A5 /* Project object */;
}
